
Microsoft Visual Studio Solution File, Format Version 12.00
# Visual Studio Version 16
VisualStudioVersion = 16.0.29509.3
MinimumVisualStudioVersion = 10.0.40219.1
Project("{FAE04EC0-301F-11D3-BF4B-00C04F79EFBC}") = "Vidly", "Vidly\Vidly.csproj", "{B51396AA-C242-4F0A-9D22-C00D7102D00A}"
EndProject
Global
	GlobalSection(SolutionConfigurationPlatforms) = preSolution
		Debug|Any CPU = Debug|Any CPU
		Release|Any CPU = Release|Any CPU
	EndGlobalSection
	GlobalSection(ProjectConfigurationPlatforms) = postSolution
		{B51396AA-C242-4F0A-9D22-C00D7102D00A}.Debug|Any CPU.ActiveCfg = Debug|Any CPU
		{B51396AA-C242-4F0A-9D22-C00D7102D00A}.Debug|Any CPU.Build.0 = Debug|Any CPU
		{B51396AA-C242-4F0A-9D22-C00D7102D00A}.Release|Any CPU.ActiveCfg = Release|Any CPU
		{B51396AA-C242-4F0A-9D22-C00D7102D00A}.Release|Any CPU.Build.0 = Release|Any CPU
	EndGlobalSection
	GlobalSection(SolutionProperties) = preSolution
		HideSolutionNode = FALSE
	EndGlobalSection
	GlobalSection(ExtensibilityGlobals) = postSolution
		SolutionGuid = {8D191618-450F-489B-9AB0-795C7936A842}
	EndGlobalSection
EndGlobal
